PODS:
  - Alamofire (5.7.1)
  - GoogleWebRTC (1.1.32000)
  - SocketRocket (0.6.0)

DEPENDENCIES:
  - Alamofire
  - GoogleWebRTC
  - SocketRocket

SPEC REPOS:
  trunk:
    - Alamofire
    - GoogleWebRTC
    - SocketRocket

SPEC CHECKSUMS:
  Alamofire: 0123a34370cb170936ae79a8df46cc62b2edeb88
  GoogleWebRTC: 4d261187b30512efdb711d21fa961a6adf138717
  SocketRocket: fccef3f9c5cedea1353a9ef6ada904fde10d6608

PODFILE CHECKSUM: af379b95a628c15bed40e76d7b3952e7b044214b

COCOAPODS: 1.12.0
