// !$*UTF8*$!
{
	archiveVersion = 1;
	classes = {
	};
	objectVersion = 56;
	objects = {

/* Begin PBXBuildFile section */
		05EE4B2729E545E50088B6AF /* AuthNavigationView.swift in Sources */ = {isa = PBXBuildFile; fileRef = 05EE4B2629E545E50088B6AF /* AuthNavigationView.swift */; };
		18A92A0A29BF0917009820F6 /* pens_App.swift in Sources */ = {isa = PBXBuildFile; fileRef = 18A92A0929BF0917009820F6 /* pens_App.swift */; };
		18A92A0C29BF0917009820F6 /* ContentView.swift in Sources */ = {isa = PBXBuildFile; fileRef = 18A92A0B29BF0917009820F6 /* ContentView.swift */; };
		18A92A0E29BF0918009820F6 /* Assets.xcassets in Resources */ = {isa = PBXBuildFile; fileRef = 18A92A0D29BF0918009820F6 /* Assets.xcassets */; };
		18A92A1129BF0918009820F6 /* Preview Assets.xcassets in Resources */ = {isa = PBXBuildFile; fileRef = 18A92A1029BF0918009820F6 /* Preview Assets.xcassets */; };
		18A92A1B29BF0918009820F6 /* pens_Tests.swift in Sources */ = {isa = PBXBuildFile; fileRef = 18A92A1A29BF0918009820F6 /* pens_Tests.swift */; };
		18A92A2529BF0918009820F6 /* pens_UITests.swift in Sources */ = {isa = PBXBuildFile; fileRef = 18A92A2429BF0918009820F6 /* pens_UITests.swift */; };
		18A92A2729BF0918009820F6 /* pens_UITestsLaunchTests.swift in Sources */ = {isa = PBXBuildFile; fileRef = 18A92A2629BF0918009820F6 /* pens_UITestsLaunchTests.swift */; };
		2942C7FABE5CA14B26CB9A97 /* Pods_pensTests.framework in Frameworks */ = {isa = PBXBuildFile; fileRef = 12B7B653F3B31345E5E1DEE3 /* Pods_pensTests.framework */; };
		34D1A944506F45BD1B7BD2AA /* Pods_pens.framework in Frameworks */ = {isa = PBXBuildFile; fileRef = 57AD2456D530A7C8513E64F1 /* Pods_pens.framework */; };
		BC5B927E29E2CDFE00F52228 /* HomeView.swift in Sources */ = {isa = PBXBuildFile; fileRef = BC5B927D29E2CDFE00F52228 /* HomeView.swift */; };
		BC74703829EBB7FD003C541C /* LoginToken.swift in Sources */ = {isa = PBXBuildFile; fileRef = BC74703729EBB7FD003C541C /* LoginToken.swift */; };
		BC74703C29EBC81F003C541C /* InviteGroupMemberView.swift in Sources */ = {isa = PBXBuildFile; fileRef = BC74703B29EBC81F003C541C /* InviteGroupMemberView.swift */; };
		BC74703E29EBDA07003C541C /* AddGroupView.swift in Sources */ = {isa = PBXBuildFile; fileRef = BC74703D29EBDA07003C541C /* AddGroupView.swift */; };
		BC95CFD429D6DFBC00AE3037 /* APIContants.swift in Sources */ = {isa = PBXBuildFile; fileRef = BC95CFD329D6DFBC00AE3037 /* APIContants.swift */; };
		BC95CFD829D6E81900AE3037 /* Register.swift in Sources */ = {isa = PBXBuildFile; fileRef = BC95CFD729D6E81900AE3037 /* Register.swift */; };
		BCC985832A0795DB002A17E3 /* InviteGroup.swift in Sources */ = {isa = PBXBuildFile; fileRef = BCC985822A0795DB002A17E3 /* InviteGroup.swift */; };
		BCE32D2B29CD7DC40096F899 /* LoginView.swift in Sources */ = {isa = PBXBuildFile; fileRef = BCE32D2A29CD7DC40096F899 /* LoginView.swift */; };
		BCE32D2D29CD81000096F899 /* ResisterView.swift in Sources */ = {isa = PBXBuildFile; fileRef = BCE32D2C29CD81000096F899 /* ResisterView.swift */; };
		FD1C79CA29E397930055F52C /* Login.swift in Sources */ = {isa = PBXBuildFile; fileRef = FD1C79C929E397930055F52C /* Login.swift */; };
		FD290E682A001DF600CD2835 /* GroupCreate.swift in Sources */ = {isa = PBXBuildFile; fileRef = FD290E672A001DF600CD2835 /* GroupCreate.swift */; };
		FD290E6A2A00306800CD2835 /* GroupUserDeleteView.swift in Sources */ = {isa = PBXBuildFile; fileRef = FD290E692A00306800CD2835 /* GroupUserDeleteView.swift */; };
		FD290E6C2A00344100CD2835 /* GroupDeleteUser.swift in Sources */ = {isa = PBXBuildFile; fileRef = FD290E6B2A00344100CD2835 /* GroupDeleteUser.swift */; };
		FD290E6E2A00364D00CD2835 /* GroupRowView.swift in Sources */ = {isa = PBXBuildFile; fileRef = FD290E6D2A00364D00CD2835 /* GroupRowView.swift */; };
		FFDC4899379F307B2CB0F095 /* Pods_pens_pensUITests.framework in Frameworks */ = {isa = PBXBuildFile; fileRef = 2C40206FFE8887061DA53295 /* Pods_pens_pensUITests.framework */; };
/* End PBXBuildFile section */

/* Begin PBXContainerItemProxy section */
		18A92A1729BF0918009820F6 /* PBXContainerItemProxy */ = {
			isa = PBXContainerItemProxy;
			containerPortal = 18A929FE29BF0917009820F6 /* Project object */;
			proxyType = 1;
			remoteGlobalIDString = 18A92A0529BF0917009820F6;
			remoteInfo = "pens'";
		};
		18A92A2129BF0918009820F6 /* PBXContainerItemProxy */ = {
			isa = PBXContainerItemProxy;
			containerPortal = 18A929FE29BF0917009820F6 /* Project object */;
			proxyType = 1;
			remoteGlobalIDString = 18A92A0529BF0917009820F6;
			remoteInfo = "pens'";
		};
/* End PBXContainerItemProxy section */

/* Begin PBXFileReference section */
		05EE4B2629E545E50088B6AF /* AuthNavigationView.swift */ = {isa = PBXFileReference; lastKnownFileType = sourcecode.swift; path = AuthNavigationView.swift; sourceTree = "<group>"; };
		12B7B653F3B31345E5E1DEE3 /* Pods_pensTests.framework */ = {isa = PBXFileReference; explicitFileType = wrapper.framework; includeInIndex = 0; path = Pods_pensTests.framework; sourceTree = BUILT_PRODUCTS_DIR; };
		18A92A0629BF0917009820F6 /* pens.app */ = {isa = PBXFileReference; explicitFileType = wrapper.application; includeInIndex = 0; path = pens.app; sourceTree = BUILT_PRODUCTS_DIR; };
		18A92A0929BF0917009820F6 /* pens_App.swift */ = {isa = PBXFileReference; lastKnownFileType = sourcecode.swift; path = pens_App.swift; sourceTree = "<group>"; };
		18A92A0B29BF0917009820F6 /* ContentView.swift */ = {isa = PBXFileReference; lastKnownFileType = sourcecode.swift; path = ContentView.swift; sourceTree = "<group>"; };
		18A92A0D29BF0918009820F6 /* Assets.xcassets */ = {isa = PBXFileReference; lastKnownFileType = folder.assetcatalog; path = Assets.xcassets; sourceTree = "<group>"; };
		18A92A1029BF0918009820F6 /* Preview Assets.xcassets */ = {isa = PBXFileReference; lastKnownFileType = folder.assetcatalog; path = "Preview Assets.xcassets"; sourceTree = "<group>"; };
		18A92A1629BF0918009820F6 /* pensTests.xctest */ = {isa = PBXFileReference; explicitFileType = wrapper.cfbundle; includeInIndex = 0; path = pensTests.xctest; sourceTree = BUILT_PRODUCTS_DIR; };
		18A92A1A29BF0918009820F6 /* pens_Tests.swift */ = {isa = PBXFileReference; lastKnownFileType = sourcecode.swift; path = pens_Tests.swift; sourceTree = "<group>"; };
		18A92A2029BF0918009820F6 /* pensUITests.xctest */ = {isa = PBXFileReference; explicitFileType = wrapper.cfbundle; includeInIndex = 0; path = pensUITests.xctest; sourceTree = BUILT_PRODUCTS_DIR; };
		18A92A2429BF0918009820F6 /* pens_UITests.swift */ = {isa = PBXFileReference; lastKnownFileType = sourcecode.swift; path = pens_UITests.swift; sourceTree = "<group>"; };
		18A92A2629BF0918009820F6 /* pens_UITestsLaunchTests.swift */ = {isa = PBXFileReference; lastKnownFileType = sourcecode.swift; path = pens_UITestsLaunchTests.swift; sourceTree = "<group>"; };
		23DC5E38D04FA4C194BF442D /* Pods-pensTests.debug.xcconfig */ = {isa = PBXFileReference; includeInIndex = 1; lastKnownFileType = text.xcconfig; name = "Pods-pensTests.debug.xcconfig"; path = "Target Support Files/Pods-pensTests/Pods-pensTests.debug.xcconfig"; sourceTree = "<group>"; };
		2C40206FFE8887061DA53295 /* Pods_pens_pensUITests.framework */ = {isa = PBXFileReference; explicitFileType = wrapper.framework; includeInIndex = 0; path = Pods_pens_pensUITests.framework; sourceTree = BUILT_PRODUCTS_DIR; };
		57AD2456D530A7C8513E64F1 /* Pods_pens.framework */ = {isa = PBXFileReference; explicitFileType = wrapper.framework; includeInIndex = 0; path = Pods_pens.framework; sourceTree = BUILT_PRODUCTS_DIR; };
		732B9EAF61EE3EB2FE3054C1 /* Pods-pens-pensUITests.debug.xcconfig */ = {isa = PBXFileReference; includeInIndex = 1; lastKnownFileType = text.xcconfig; name = "Pods-pens-pensUITests.debug.xcconfig"; path = "Target Support Files/Pods-pens-pensUITests/Pods-pens-pensUITests.debug.xcconfig"; sourceTree = "<group>"; };
		A7B093ACD3266AB58DC82A95 /* Pods-pens.debug.xcconfig */ = {isa = PBXFileReference; includeInIndex = 1; lastKnownFileType = text.xcconfig; name = "Pods-pens.debug.xcconfig"; path = "Target Support Files/Pods-pens/Pods-pens.debug.xcconfig"; sourceTree = "<group>"; };
		BC5B927D29E2CDFE00F52228 /* HomeView.swift */ = {isa = PBXFileReference; lastKnownFileType = sourcecode.swift; path = HomeView.swift; sourceTree = "<group>"; };
		BC74703729EBB7FD003C541C /* LoginToken.swift */ = {isa = PBXFileReference; lastKnownFileType = sourcecode.swift; path = LoginToken.swift; sourceTree = "<group>"; };
		BC74703B29EBC81F003C541C /* InviteGroupMemberView.swift */ = {isa = PBXFileReference; lastKnownFileType = sourcecode.swift; path = InviteGroupMemberView.swift; sourceTree = "<group>"; };
		BC74703D29EBDA07003C541C /* AddGroupView.swift */ = {isa = PBXFileReference; lastKnownFileType = sourcecode.swift; path = AddGroupView.swift; sourceTree = "<group>"; };
		BC95CFD329D6DFBC00AE3037 /* APIContants.swift */ = {isa = PBXFileReference; lastKnownFileType = sourcecode.swift; path = APIContants.swift; sourceTree = "<group>"; };
		BC95CFD529D6E28A00AE3037 /* pens--Info.plist */ = {isa = PBXFileReference; lastKnownFileType = text.plist; path = "pens--Info.plist"; sourceTree = SOURCE_ROOT; };
		BC95CFD729D6E81900AE3037 /* Register.swift */ = {isa = PBXFileReference; lastKnownFileType = sourcecode.swift; path = Register.swift; sourceTree = "<group>"; };
		BCC985822A0795DB002A17E3 /* InviteGroup.swift */ = {isa = PBXFileReference; lastKnownFileType = sourcecode.swift; path = InviteGroup.swift; sourceTree = "<group>"; };
		BCE32D2A29CD7DC40096F899 /* LoginView.swift */ = {isa = PBXFileReference; lastKnownFileType = sourcecode.swift; path = LoginView.swift; sourceTree = "<group>"; };
		BCE32D2C29CD81000096F899 /* ResisterView.swift */ = {isa = PBXFileReference; lastKnownFileType = sourcecode.swift; path = ResisterView.swift; sourceTree = "<group>"; };
		CFB71F800B4DDB6819B12B1E /* Pods-pensTests.release.xcconfig */ = {isa = PBXFileReference; includeInIndex = 1; lastKnownFileType = text.xcconfig; name = "Pods-pensTests.release.xcconfig"; path = "Target Support Files/Pods-pensTests/Pods-pensTests.release.xcconfig"; sourceTree = "<group>"; };
		F230669E298EA5F6C1A42224 /* Pods-pens-pensUITests.release.xcconfig */ = {isa = PBXFileReference; includeInIndex = 1; lastKnownFileType = text.xcconfig; name = "Pods-pens-pensUITests.release.xcconfig"; path = "Target Support Files/Pods-pens-pensUITests/Pods-pens-pensUITests.release.xcconfig"; sourceTree = "<group>"; };
		FD1C79C929E397930055F52C /* Login.swift */ = {isa = PBXFileReference; lastKnownFileType = sourcecode.swift; path = Login.swift; sourceTree = "<group>"; };
		FD290E672A001DF600CD2835 /* GroupCreate.swift */ = {isa = PBXFileReference; lastKnownFileType = sourcecode.swift; path = GroupCreate.swift; sourceTree = "<group>"; };
		FD290E692A00306800CD2835 /* GroupUserDeleteView.swift */ = {isa = PBXFileReference; lastKnownFileType = sourcecode.swift; path = GroupUserDeleteView.swift; sourceTree = "<group>"; };
		FD290E6B2A00344100CD2835 /* GroupDeleteUser.swift */ = {isa = PBXFileReference; lastKnownFileType = sourcecode.swift; path = GroupDeleteUser.swift; sourceTree = "<group>"; };
		FD290E6D2A00364D00CD2835 /* GroupRowView.swift */ = {isa = PBXFileReference; lastKnownFileType = sourcecode.swift; path = GroupRowView.swift; sourceTree = "<group>"; };
		FF344193A8EB24FAA4C38ABF /* Pods-pens.release.xcconfig */ = {isa = PBXFileReference; includeInIndex = 1; lastKnownFileType = text.xcconfig; name = "Pods-pens.release.xcconfig"; path = "Target Support Files/Pods-pens/Pods-pens.release.xcconfig"; sourceTree = "<group>"; };
/* End PBXFileReference section */

/* Begin PBXFrameworksBuildPhase section */
		18A92A0329BF0917009820F6 /* Frameworks */ = {
			isa = PBXFrameworksBuildPhase;
			buildActionMask = 2147483647;
			files = (
				34D1A944506F45BD1B7BD2AA /* Pods_pens.framework in Frameworks */,
			);
			runOnlyForDeploymentPostprocessing = 0;
		};
		18A92A1329BF0918009820F6 /* Frameworks */ = {
			isa = PBXFrameworksBuildPhase;
			buildActionMask = 2147483647;
			files = (
				2942C7FABE5CA14B26CB9A97 /* Pods_pensTests.framework in Frameworks */,
			);
			runOnlyForDeploymentPostprocessing = 0;
		};
		18A92A1D29BF0918009820F6 /* Frameworks */ = {
			isa = PBXFrameworksBuildPhase;
			buildActionMask = 2147483647;
			files = (
				FFDC4899379F307B2CB0F095 /* Pods_pens_pensUITests.framework in Frameworks */,
			);
			runOnlyForDeploymentPostprocessing = 0;
		};
/* End PBXFrameworksBuildPhase section */

/* Begin PBXGroup section */
		1052F823770031FEA0798611 /* Frameworks */ = {
			isa = PBXGroup;
			children = (
				57AD2456D530A7C8513E64F1 /* Pods_pens.framework */,
				2C40206FFE8887061DA53295 /* Pods_pens_pensUITests.framework */,
				12B7B653F3B31345E5E1DEE3 /* Pods_pensTests.framework */,
			);
			name = Frameworks;
			sourceTree = "<group>";
		};
		18A929FD29BF0917009820F6 = {
			isa = PBXGroup;
			children = (
				18A92A0829BF0917009820F6 /* pens */,
				18A92A1929BF0918009820F6 /* pens'Tests */,
				18A92A2329BF0918009820F6 /* pens'UITests */,
				18A92A0729BF0917009820F6 /* Products */,
				3AD5CE884F5674E42B5B29EA /* Pods */,
				1052F823770031FEA0798611 /* Frameworks */,
			);
			sourceTree = "<group>";
		};
		18A92A0729BF0917009820F6 /* Products */ = {
			isa = PBXGroup;
			children = (
				18A92A0629BF0917009820F6 /* pens.app */,
				18A92A1629BF0918009820F6 /* pensTests.xctest */,
				18A92A2029BF0918009820F6 /* pensUITests.xctest */,
			);
			name = Products;
			sourceTree = "<group>";
		};
		18A92A0829BF0917009820F6 /* pens */ = {
			isa = PBXGroup;
			children = (
				BC95CFD629D6E80600AE3037 /* Method */,
				BC95CFD529D6E28A00AE3037 /* pens--Info.plist */,
				BC95CFD229D6DF8300AE3037 /* API */,
				BCE32D2929CD7CFA0096F899 /* View */,
				18A92A0929BF0917009820F6 /* pens_App.swift */,
				18A92A0D29BF0918009820F6 /* Assets.xcassets */,
				18A92A0F29BF0918009820F6 /* Preview Content */,
			);
			path = pens;
			sourceTree = "<group>";
		};
		18A92A0F29BF0918009820F6 /* Preview Content */ = {
			isa = PBXGroup;
			children = (
				18A92A1029BF0918009820F6 /* Preview Assets.xcassets */,
			);
			path = "Preview Content";
			sourceTree = "<group>";
		};
		18A92A1929BF0918009820F6 /* pens'Tests */ = {
			isa = PBXGroup;
			children = (
				18A92A1A29BF0918009820F6 /* pens_Tests.swift */,
			);
			path = "pens'Tests";
			sourceTree = "<group>";
		};
		18A92A2329BF0918009820F6 /* pens'UITests */ = {
			isa = PBXGroup;
			children = (
				18A92A2429BF0918009820F6 /* pens_UITests.swift */,
				18A92A2629BF0918009820F6 /* pens_UITestsLaunchTests.swift */,
			);
			path = "pens'UITests";
			sourceTree = "<group>";
		};
		3AD5CE884F5674E42B5B29EA /* Pods */ = {
			isa = PBXGroup;
			children = (
				A7B093ACD3266AB58DC82A95 /* Pods-pens.debug.xcconfig */,
				FF344193A8EB24FAA4C38ABF /* Pods-pens.release.xcconfig */,
				732B9EAF61EE3EB2FE3054C1 /* Pods-pens-pensUITests.debug.xcconfig */,
				F230669E298EA5F6C1A42224 /* Pods-pens-pensUITests.release.xcconfig */,
				23DC5E38D04FA4C194BF442D /* Pods-pensTests.debug.xcconfig */,
				CFB71F800B4DDB6819B12B1E /* Pods-pensTests.release.xcconfig */,
			);
			path = Pods;
			sourceTree = "<group>";
		};
		BC95CFD229D6DF8300AE3037 /* API */ = {
			isa = PBXGroup;
			children = (
				BC95CFD329D6DFBC00AE3037 /* APIContants.swift */,
			);
			path = API;
			sourceTree = "<group>";
		};
		BC95CFD629D6E80600AE3037 /* Method */ = {
			isa = PBXGroup;
			children = (
				BC95CFD729D6E81900AE3037 /* Register.swift */,
				FD1C79C929E397930055F52C /* Login.swift */,
				BC74703729EBB7FD003C541C /* LoginToken.swift */,
				FD290E672A001DF600CD2835 /* GroupCreate.swift */,
				FD290E6B2A00344100CD2835 /* GroupDeleteUser.swift */,
				BCC985822A0795DB002A17E3 /* InviteGroup.swift */,
			);
			path = Method;
			sourceTree = "<group>";
		};
		BCE32D2929CD7CFA0096F899 /* View */ = {
			isa = PBXGroup;
			children = (
				18A92A0B29BF0917009820F6 /* ContentView.swift */,
				BCE32D2A29CD7DC40096F899 /* LoginView.swift */,
				BCE32D2C29CD81000096F899 /* ResisterView.swift */,
				BC5B927D29E2CDFE00F52228 /* HomeView.swift */,
				05EE4B2629E545E50088B6AF /* AuthNavigationView.swift */,
				BC74703B29EBC81F003C541C /* InviteGroupMemberView.swift */,
				BC74703D29EBDA07003C541C /* AddGroupView.swift */,
				FD290E692A00306800CD2835 /* GroupUserDeleteView.swift */,
				FD290E6D2A00364D00CD2835 /* GroupRowView.swift */,
			);
			path = View;
			sourceTree = "<group>";
		};
/* End PBXGroup section */

/* Begin PBXNativeTarget section */
		18A92A0529BF0917009820F6 /* pens */ = {
			isa = PBXNativeTarget;
			buildConfigurationList = 18A92A2A29BF0918009820F6 /* Build configuration list for PBXNativeTarget "pens" */;
			buildPhases = (
				32CA1FF4F9806975CA4DAAC4 /* [CP] Check Pods Manifest.lock */,
				18A92A0229BF0917009820F6 /* Sources */,
				18A92A0329BF0917009820F6 /* Frameworks */,
				18A92A0429BF0917009820F6 /* Resources */,
				19D35CFFE17FE624A496B69C /* [CP] Embed Pods Frameworks */,
			);
			buildRules = (
			);
			dependencies = (
			);
			name = pens;
			productName = "pens'";
			productReference = 18A92A0629BF0917009820F6 /* pens.app */;
			productType = "com.apple.product-type.application";
		};
		18A92A1529BF0918009820F6 /* pensTests */ = {
			isa = PBXNativeTarget;
			buildConfigurationList = 18A92A2D29BF0918009820F6 /* Build configuration list for PBXNativeTarget "pensTests" */;
			buildPhases = (
				54136882E5E12C8955493509 /* [CP] Check Pods Manifest.lock */,
				18A92A1229BF0918009820F6 /* Sources */,
				18A92A1329BF0918009820F6 /* Frameworks */,
				18A92A1429BF0918009820F6 /* Resources */,
			);
			buildRules = (
			);
			dependencies = (
				18A92A1829BF0918009820F6 /* PBXTargetDependency */,
			);
			name = pensTests;
			productName = "pens'Tests";
			productReference = 18A92A1629BF0918009820F6 /* pensTests.xctest */;
			productType = "com.apple.product-type.bundle.unit-test";
		};
		18A92A1F29BF0918009820F6 /* pensUITests */ = {
			isa = PBXNativeTarget;
			buildConfigurationList = 18A92A3029BF0918009820F6 /* Build configuration list for PBXNativeTarget "pensUITests" */;
			buildPhases = (
				7260AAA5C47E8B56E302554A /* [CP] Check Pods Manifest.lock */,
				18A92A1C29BF0918009820F6 /* Sources */,
				18A92A1D29BF0918009820F6 /* Frameworks */,
				18A92A1E29BF0918009820F6 /* Resources */,
				F835BD580F6FF676A8B9EAC5 /* [CP] Embed Pods Frameworks */,
			);
			buildRules = (
			);
			dependencies = (
				18A92A2229BF0918009820F6 /* PBXTargetDependency */,
			);
			name = pensUITests;
			productName = "pens'UITests";
			productReference = 18A92A2029BF0918009820F6 /* pensUITests.xctest */;
			productType = "com.apple.product-type.bundle.ui-testing";
		};
/* End PBXNativeTarget section */

/* Begin PBXProject section */
		18A929FE29BF0917009820F6 /* Project object */ = {
			isa = PBXProject;
			attributes = {
				BuildIndependentTargetsInParallel = 1;
				LastSwiftUpdateCheck = 1420;
				LastUpgradeCheck = 1420;
				TargetAttributes = {
					18A92A0529BF0917009820F6 = {
						CreatedOnToolsVersion = 14.2;
					};
					18A92A1529BF0918009820F6 = {
						CreatedOnToolsVersion = 14.2;
						TestTargetID = 18A92A0529BF0917009820F6;
					};
					18A92A1F29BF0918009820F6 = {
						CreatedOnToolsVersion = 14.2;
						TestTargetID = 18A92A0529BF0917009820F6;
					};
				};
			};
			buildConfigurationList = 18A92A0129BF0917009820F6 /* Build configuration list for PBXProject "pens" */;
			compatibilityVersion = "Xcode 14.0";
			developmentRegion = en;
			hasScannedForEncodings = 0;
			knownRegions = (
				en,
				Base,
			);
			mainGroup = 18A929FD29BF0917009820F6;
			productRefGroup = 18A92A0729BF0917009820F6 /* Products */;
			projectDirPath = "";
			projectRoot = "";
			targets = (
				18A92A0529BF0917009820F6 /* pens */,
				18A92A1529BF0918009820F6 /* pensTests */,
				18A92A1F29BF0918009820F6 /* pensUITests */,
			);
		};
/* End PBXProject section */

/* Begin PBXResourcesBuildPhase section */
		18A92A0429BF0917009820F6 /* Resources */ = {
			isa = PBXResourcesBuildPhase;
			buildActionMask = 2147483647;
			files = (
				18A92A1129BF0918009820F6 /* Preview Assets.xcassets in Resources */,
				18A92A0E29BF0918009820F6 /* Assets.xcassets in Resources */,
			);
			runOnlyForDeploymentPostprocessing = 0;
		};
		18A92A1429BF0918009820F6 /* Resources */ = {
			isa = PBXResourcesBuildPhase;
			buildActionMask = 2147483647;
			files = (
			);
			runOnlyForDeploymentPostprocessing = 0;
		};
		18A92A1E29BF0918009820F6 /* Resources */ = {
			isa = PBXResourcesBuildPhase;
			buildActionMask = 2147483647;
			files = (
			);
			runOnlyForDeploymentPostprocessing = 0;
		};
/* End PBXResourcesBuildPhase section */

/* Begin PBXShellScriptBuildPhase section */
		19D35CFFE17FE624A496B69C /* [CP] Embed Pods Frameworks */ = {
			isa = PBXShellScriptBuildPhase;
			buildActionMask = 2147483647;
			files = (
			);
			inputFileListPaths = (
				"${PODS_ROOT}/Target Support Files/Pods-pens/Pods-pens-frameworks-${CONFIGURATION}-input-files.xcfilelist",
			);
			name = "[CP] Embed Pods Frameworks";
			outputFileListPaths = (
				"${PODS_ROOT}/Target Support Files/Pods-pens/Pods-pens-frameworks-${CONFIGURATION}-output-files.xcfilelist",
			);
			runOnlyForDeploymentPostprocessing = 0;
			shellPath = /bin/sh;
			shellScript = "\"${PODS_ROOT}/Target Support Files/Pods-pens/Pods-pens-frameworks.sh\"\n";
			showEnvVarsInLog = 0;
		};
		32CA1FF4F9806975CA4DAAC4 /* [CP] Check Pods Manifest.lock */ = {
			isa = PBXShellScriptBuildPhase;
			buildActionMask = 2147483647;
			files = (
			);
			inputFileListPaths = (
			);
			inputPaths = (
				"${PODS_PODFILE_DIR_PATH}/Podfile.lock",
				"${PODS_ROOT}/Manifest.lock",
			);
			name = "[CP] Check Pods Manifest.lock";
			outputFileListPaths = (
			);
			outputPaths = (
				"$(DERIVED_FILE_DIR)/Pods-pens-checkManifestLockResult.txt",
			);
			runOnlyForDeploymentPostprocessing = 0;
			shellPath = /bin/sh;
			shellScript = "diff \"${PODS_PODFILE_DIR_PATH}/Podfile.lock\" \"${PODS_ROOT}/Manifest.lock\" > /dev/null\nif [ $? != 0 ] ; then\n    # print error to STDERR\n    echo \"error: The sandbox is not in sync with the Podfile.lock. Run 'pod install' or update your CocoaPods installation.\" >&2\n    exit 1\nfi\n# This output is used by Xcode 'outputs' to avoid re-running this script phase.\necho \"SUCCESS\" > \"${SCRIPT_OUTPUT_FILE_0}\"\n";
			showEnvVarsInLog = 0;
		};
		54136882E5E12C8955493509 /* [CP] Check Pods Manifest.lock */ = {
			isa = PBXShellScriptBuildPhase;
			buildActionMask = 2147483647;
			files = (
			);
			inputFileListPaths = (
			);
			inputPaths = (
				"${PODS_PODFILE_DIR_PATH}/Podfile.lock",
				"${PODS_ROOT}/Manifest.lock",
			);
			name = "[CP] Check Pods Manifest.lock";
			outputFileListPaths = (
			);
			outputPaths = (
				"$(DERIVED_FILE_DIR)/Pods-pensTests-checkManifestLockResult.txt",
			);
			runOnlyForDeploymentPostprocessing = 0;
			shellPath = /bin/sh;
			shellScript = "diff \"${PODS_PODFILE_DIR_PATH}/Podfile.lock\" \"${PODS_ROOT}/Manifest.lock\" > /dev/null\nif [ $? != 0 ] ; then\n    # print error to STDERR\n    echo \"error: The sandbox is not in sync with the Podfile.lock. Run 'pod install' or update your CocoaPods installation.\" >&2\n    exit 1\nfi\n# This output is used by Xcode 'outputs' to avoid re-running this script phase.\necho \"SUCCESS\" > \"${SCRIPT_OUTPUT_FILE_0}\"\n";
			showEnvVarsInLog = 0;
		};
		7260AAA5C47E8B56E302554A /* [CP] Check Pods Manifest.lock */ = {
			isa = PBXShellScriptBuildPhase;
			buildActionMask = 2147483647;
			files = (
			);
			inputFileListPaths = (
			);
			inputPaths = (
				"${PODS_PODFILE_DIR_PATH}/Podfile.lock",
				"${PODS_ROOT}/Manifest.lock",
			);
			name = "[CP] Check Pods Manifest.lock";
			outputFileListPaths = (
			);
			outputPaths = (
				"$(DERIVED_FILE_DIR)/Pods-pens-pensUITests-checkManifestLockResult.txt",
			);
			runOnlyForDeploymentPostprocessing = 0;
			shellPath = /bin/sh;
			shellScript = "diff \"${PODS_PODFILE_DIR_PATH}/Podfile.lock\" \"${PODS_ROOT}/Manifest.lock\" > /dev/null\nif [ $? != 0 ] ; then\n    # print error to STDERR\n    echo \"error: The sandbox is not in sync with the Podfile.lock. Run 'pod install' or update your CocoaPods installation.\" >&2\n    exit 1\nfi\n# This output is used by Xcode 'outputs' to avoid re-running this script phase.\necho \"SUCCESS\" > \"${SCRIPT_OUTPUT_FILE_0}\"\n";
			showEnvVarsInLog = 0;
		};
		F835BD580F6FF676A8B9EAC5 /* [CP] Embed Pods Frameworks */ = {
			isa = PBXShellScriptBuildPhase;
			buildActionMask = 2147483647;
			files = (
			);
			inputFileListPaths = (
				"${PODS_ROOT}/Target Support Files/Pods-pens-pensUITests/Pods-pens-pensUITests-frameworks-${CONFIGURATION}-input-files.xcfilelist",
			);
			name = "[CP] Embed Pods Frameworks";
			outputFileListPaths = (
				"${PODS_ROOT}/Target Support Files/Pods-pens-pensUITests/Pods-pens-pensUITests-frameworks-${CONFIGURATION}-output-files.xcfilelist",
			);
			runOnlyForDeploymentPostprocessing = 0;
			shellPath = /bin/sh;
			shellScript = "\"${PODS_ROOT}/Target Support Files/Pods-pens-pensUITests/Pods-pens-pensUITests-frameworks.sh\"\n";
			showEnvVarsInLog = 0;
		};
/* End PBXShellScriptBuildPhase section */

/* Begin PBXSourcesBuildPhase section */
		18A92A0229BF0917009820F6 /* Sources */ = {
			isa = PBXSourcesBuildPhase;
			buildActionMask = 2147483647;
			files = (
				FD1C79CA29E397930055F52C /* Login.swift in Sources */,
				BC95CFD829D6E81900AE3037 /* Register.swift in Sources */,
				BC5B927E29E2CDFE00F52228 /* HomeView.swift in Sources */,
				BCE32D2B29CD7DC40096F899 /* LoginView.swift in Sources */,
				BC95CFD429D6DFBC00AE3037 /* APIContants.swift in Sources */,
				BCE32D2D29CD81000096F899 /* ResisterView.swift in Sources */,
				BC74703E29EBDA07003C541C /* AddGroupView.swift in Sources */,
				18A92A0C29BF0917009820F6 /* ContentView.swift in Sources */,
				FD290E6A2A00306800CD2835 /* GroupUserDeleteView.swift in Sources */,
				FD290E682A001DF600CD2835 /* GroupCreate.swift in Sources */,
				18A92A0A29BF0917009820F6 /* pens_App.swift in Sources */,
				05EE4B2729E545E50088B6AF /* AuthNavigationView.swift in Sources */,
				BC74703829EBB7FD003C541C /* LoginToken.swift in Sources */,
				FD290E6E2A00364D00CD2835 /* GroupRowView.swift in Sources */,
				FD290E6C2A00344100CD2835 /* GroupDeleteUser.swift in Sources */,
				BCC985832A0795DB002A17E3 /* InviteGroup.swift in Sources */,
				BC74703C29EBC81F003C541C /* InviteGroupMemberView.swift in Sources */,
			);
			runOnlyForDeploymentPostprocessing = 0;
		};
		18A92A1229BF0918009820F6 /* Sources */ = {
			isa = PBXSourcesBuildPhase;
			buildActionMask = 2147483647;
			files = (
				18A92A1B29BF0918009820F6 /* pens_Tests.swift in Sources */,
			);
			runOnlyForDeploymentPostprocessing = 0;
		};
		18A92A1C29BF0918009820F6 /* Sources */ = {
			isa = PBXSourcesBuildPhase;
			buildActionMask = 2147483647;
			files = (
				18A92A2729BF0918009820F6 /* pens_UITestsLaunchTests.swift in Sources */,
				18A92A2529BF0918009820F6 /* pens_UITests.swift in Sources */,
			);
			runOnlyForDeploymentPostprocessing = 0;
		};
/* End PBXSourcesBuildPhase section */

/* Begin PBXTargetDependency section */
		18A92A1829BF0918009820F6 /* PBXTargetDependency */ = {
			isa = PBXTargetDependency;
			target = 18A92A0529BF0917009820F6 /* pens */;
			targetProxy = 18A92A1729BF0918009820F6 /* PBXContainerItemProxy */;
		};
		18A92A2229BF0918009820F6 /* PBXTargetDependency */ = {
			isa = PBXTargetDependency;
			target = 18A92A0529BF0917009820F6 /* pens */;
			targetProxy = 18A92A2129BF0918009820F6 /* PBXContainerItemProxy */;
		};
/* End PBXTargetDependency section */

/* Begin XCBuildConfiguration section */
		18A92A2829BF0918009820F6 /* Debug */ = {
			isa = XCBuildConfiguration;
			buildSettings = {
				ALWAYS_SEARCH_USER_PATHS = NO;
				CLANG_ANALYZER_NONNULL = YES;
				CLANG_ANALYZER_NUMBER_OBJECT_CONVERSION = YES_AGGRESSIVE;
				CLANG_CXX_LANGUAGE_STANDARD = "gnu++20";
				CLANG_ENABLE_MODULES = YES;
				CLANG_ENABLE_OBJC_ARC = YES;
				CLANG_ENABLE_OBJC_WEAK = YES;
				CLANG_WARN_BLOCK_CAPTURE_AUTORELEASING = YES;
				CLANG_WARN_BOOL_CONVERSION = YES;
				CLANG_WARN_COMMA = YES;
				CLANG_WARN_CONSTANT_CONVERSION = YES;
				CLANG_WARN_DEPRECATED_OBJC_IMPLEMENTATIONS = YES;
				CLANG_WARN_DIRECT_OBJC_ISA_USAGE = YES_ERROR;
				CLANG_WARN_DOCUMENTATION_COMMENTS = YES;
				CLANG_WARN_EMPTY_BODY = YES;
				CLANG_WARN_ENUM_CONVERSION = YES;
				CLANG_WARN_INFINITE_RECURSION = YES;
				CLANG_WARN_INT_CONVERSION = YES;
				CLANG_WARN_NON_LITERAL_NULL_CONVERSION = YES;
				CLANG_WARN_OBJC_IMPLICIT_RETAIN_SELF = YES;
				CLANG_WARN_OBJC_LITERAL_CONVERSION = YES;
				CLANG_WARN_OBJC_ROOT_CLASS = YES_ERROR;
				CLANG_WARN_QUOTED_INCLUDE_IN_FRAMEWORK_HEADER = YES;
				CLANG_WARN_RANGE_LOOP_ANALYSIS = YES;
				CLANG_WARN_STRICT_PROTOTYPES = YES;
				CLANG_WARN_SUSPICIOUS_MOVE = YES;
				CLANG_WARN_UNGUARDED_AVAILABILITY = YES_AGGRESSIVE;
				CLANG_WARN_UNREACHABLE_CODE = YES;
				CLANG_WARN__DUPLICATE_METHOD_MATCH = YES;
				COPY_PHASE_STRIP = NO;
				DEBUG_INFORMATION_FORMAT = dwarf;
				ENABLE_STRICT_OBJC_MSGSEND = YES;
				ENABLE_TESTABILITY = YES;
				GCC_C_LANGUAGE_STANDARD = gnu11;
				GCC_DYNAMIC_NO_PIC = NO;
				GCC_NO_COMMON_BLOCKS = YES;
				GCC_OPTIMIZATION_LEVEL = 0;
				GCC_PREPROCESSOR_DEFINITIONS = (
					"DEBUG=1",
					"$(inherited)",
				);
				GCC_WARN_64_TO_32_BIT_CONVERSION = YES;
				GCC_WARN_ABOUT_RETURN_TYPE = YES_ERROR;
				GCC_WARN_UNDECLARED_SELECTOR = YES;
				GCC_WARN_UNINITIALIZED_AUTOS = YES_AGGRESSIVE;
				GCC_WARN_UNUSED_FUNCTION = YES;
				GCC_WARN_UNUSED_VARIABLE = YES;
				IPHONEOS_DEPLOYMENT_TARGET = 16.2;
				MTL_ENABLE_DEBUG_INFO = INCLUDE_SOURCE;
				MTL_FAST_MATH = YES;
				ONLY_ACTIVE_ARCH = YES;
				SDKROOT = iphoneos;
				SWIFT_ACTIVE_COMPILATION_CONDITIONS = DEBUG;
				SWIFT_OPTIMIZATION_LEVEL = "-Onone";
			};
			name = Debug;
		};
		18A92A2929BF0918009820F6 /* Release */ = {
			isa = XCBuildConfiguration;
			buildSettings = {
				ALWAYS_SEARCH_USER_PATHS = NO;
				CLANG_ANALYZER_NONNULL = YES;
				CLANG_ANALYZER_NUMBER_OBJECT_CONVERSION = YES_AGGRESSIVE;
				CLANG_CXX_LANGUAGE_STANDARD = "gnu++20";
				CLANG_ENABLE_MODULES = YES;
				CLANG_ENABLE_OBJC_ARC = YES;
				CLANG_ENABLE_OBJC_WEAK = YES;
				CLANG_WARN_BLOCK_CAPTURE_AUTORELEASING = YES;
				CLANG_WARN_BOOL_CONVERSION = YES;
				CLANG_WARN_COMMA = YES;
				CLANG_WARN_CONSTANT_CONVERSION = YES;
				CLANG_WARN_DEPRECATED_OBJC_IMPLEMENTATIONS = YES;
				CLANG_WARN_DIRECT_OBJC_ISA_USAGE = YES_ERROR;
				CLANG_WARN_DOCUMENTATION_COMMENTS = YES;
				CLANG_WARN_EMPTY_BODY = YES;
				CLANG_WARN_ENUM_CONVERSION = YES;
				CLANG_WARN_INFINITE_RECURSION = YES;
				CLANG_WARN_INT_CONVERSION = YES;
				CLANG_WARN_NON_LITERAL_NULL_CONVERSION = YES;
				CLANG_WARN_OBJC_IMPLICIT_RETAIN_SELF = YES;
				CLANG_WARN_OBJC_LITERAL_CONVERSION = YES;
				CLANG_WARN_OBJC_ROOT_CLASS = YES_ERROR;
				CLANG_WARN_QUOTED_INCLUDE_IN_FRAMEWORK_HEADER = YES;
				CLANG_WARN_RANGE_LOOP_ANALYSIS = YES;
				CLANG_WARN_STRICT_PROTOTYPES = YES;
				CLANG_WARN_SUSPICIOUS_MOVE = YES;
				CLANG_WARN_UNGUARDED_AVAILABILITY = YES_AGGRESSIVE;
				CLANG_WARN_UNREACHABLE_CODE = YES;
				CLANG_WARN__DUPLICATE_METHOD_MATCH = YES;
				COPY_PHASE_STRIP = NO;
				DEBUG_INFORMATION_FORMAT = "dwarf-with-dsym";
				ENABLE_NS_ASSERTIONS = NO;
				ENABLE_STRICT_OBJC_MSGSEND = YES;
				GCC_C_LANGUAGE_STANDARD = gnu11;
				GCC_NO_COMMON_BLOCKS = YES;
				GCC_WARN_64_TO_32_BIT_CONVERSION = YES;
				GCC_WARN_ABOUT_RETURN_TYPE = YES_ERROR;
				GCC_WARN_UNDECLARED_SELECTOR = YES;
				GCC_WARN_UNINITIALIZED_AUTOS = YES_AGGRESSIVE;
				GCC_WARN_UNUSED_FUNCTION = YES;
				GCC_WARN_UNUSED_VARIABLE = YES;
				IPHONEOS_DEPLOYMENT_TARGET = 16.2;
				MTL_ENABLE_DEBUG_INFO = NO;
				MTL_FAST_MATH = YES;
				SDKROOT = iphoneos;
				SWIFT_COMPILATION_MODE = wholemodule;
				SWIFT_OPTIMIZATION_LEVEL = "-O";
				VALIDATE_PRODUCT = YES;
			};
			name = Release;
		};
		18A92A2B29BF0918009820F6 /* Debug */ = {
			isa = XCBuildConfiguration;
			baseConfigurationReference = A7B093ACD3266AB58DC82A95 /* Pods-pens.debug.xcconfig */;
			buildSettings = {
				ASSETCATALOG_COMPILER_APPICON_NAME = AppIcon;
				ASSETCATALOG_COMPILER_GLOBAL_ACCENT_COLOR_NAME = AccentColor;
				CODE_SIGN_STYLE = Automatic;
				CURRENT_PROJECT_VERSION = 1;
				DEVELOPMENT_ASSET_PATHS = "\"pens/Preview Content\"";
				DEVELOPMENT_TEAM = CBF7HZWZB2;
				ENABLE_PREVIEWS = YES;
				GENERATE_INFOPLIST_FILE = YES;
				INFOPLIST_FILE = "pens--Info.plist";
				INFOPLIST_KEY_UIApplicationSceneManifest_Generation = YES;
				INFOPLIST_KEY_UIApplicationSupportsIndirectInputEvents = YES;
				INFOPLIST_KEY_UILaunchScreen_Generation = YES;
				INFOPLIST_KEY_UIStatusBarStyle = "";
				INFOPLIST_KEY_UISupportedInterfaceOrientations = "UIInterfaceOrientationLandscapeLeft UIInterfaceOrientationLandscapeRight UIInterfaceOrientationPortrait";
				INFOPLIST_KEY_UISupportedInterfaceOrientations_iPad = "UIInterfaceOrientationLandscapeLeft UIInterfaceOrientationLandscapeRight UIInterfaceOrientationPortrait UIInterfaceOrientationPortraitUpsideDown";
				LD_RUNPATH_SEARCH_PATHS = (
					"$(inherited)",
					"@executable_path/Frameworks",
				);
				MARKETING_VERSION = 1.0;
				PRODUCT_BUNDLE_IDENTIFIER = "com.example.pens-";
				PRODUCT_NAME = "$(TARGET_NAME)";
				SUPPORTED_PLATFORMS = "iphoneos iphonesimulator";
				SUPPORTS_MACCATALYST = NO;
				SUPPORTS_MAC_DESIGNED_FOR_IPHONE_IPAD = YES;
				SWIFT_EMIT_LOC_STRINGS = YES;
				SWIFT_VERSION = 5.0;
				TARGETED_DEVICE_FAMILY = "1,2";
			};
			name = Debug;
		};
		18A92A2C29BF0918009820F6 /* Release */ = {
			isa = XCBuildConfiguration;
			baseConfigurationReference = FF344193A8EB24FAA4C38ABF /* Pods-pens.release.xcconfig */;
			buildSettings = {
				ASSETCATALOG_COMPILER_APPICON_NAME = AppIcon;
				ASSETCATALOG_COMPILER_GLOBAL_ACCENT_COLOR_NAME = AccentColor;
				CODE_SIGN_STYLE = Automatic;
				CURRENT_PROJECT_VERSION = 1;
				DEVELOPMENT_ASSET_PATHS = "\"pens/Preview Content\"";
				DEVELOPMENT_TEAM = CBF7HZWZB2;
				ENABLE_PREVIEWS = YES;
				GENERATE_INFOPLIST_FILE = YES;
				INFOPLIST_FILE = "pens--Info.plist";
				INFOPLIST_KEY_UIApplicationSceneManifest_Generation = YES;
				INFOPLIST_KEY_UIApplicationSupportsIndirectInputEvents = YES;
				INFOPLIST_KEY_UILaunchScreen_Generation = YES;
				INFOPLIST_KEY_UIStatusBarStyle = "";
				INFOPLIST_KEY_UISupportedInterfaceOrientations = "UIInterfaceOrientationLandscapeLeft UIInterfaceOrientationLandscapeRight UIInterfaceOrientationPortrait";
				INFOPLIST_KEY_UISupportedInterfaceOrientations_iPad = "UIInterfaceOrientationLandscapeLeft UIInterfaceOrientationLandscapeRight UIInterfaceOrientationPortrait UIInterfaceOrientationPortraitUpsideDown";
				LD_RUNPATH_SEARCH_PATHS = (
					"$(inherited)",
					"@executable_path/Frameworks",
				);
				MARKETING_VERSION = 1.0;
				PRODUCT_BUNDLE_IDENTIFIER = "com.example.pens-";
				PRODUCT_NAME = "$(TARGET_NAME)";
				SUPPORTED_PLATFORMS = "iphoneos iphonesimulator";
				SUPPORTS_MACCATALYST = NO;
				SUPPORTS_MAC_DESIGNED_FOR_IPHONE_IPAD = YES;
				SWIFT_EMIT_LOC_STRINGS = YES;
				SWIFT_VERSION = 5.0;
				TARGETED_DEVICE_FAMILY = "1,2";
			};
			name = Release;
		};
		18A92A2E29BF0918009820F6 /* Debug */ = {
			isa = XCBuildConfiguration;
			baseConfigurationReference = 23DC5E38D04FA4C194BF442D /* Pods-pensTests.debug.xcconfig */;
			buildSettings = {
				ALWAYS_EMBED_SWIFT_STANDARD_LIBRARIES = YES;
				BUNDLE_LOADER = "$(TEST_HOST)";
				CODE_SIGN_STYLE = Automatic;
				CURRENT_PROJECT_VERSION = 1;
				DEVELOPMENT_TEAM = LV8N2952A2;
				GENERATE_INFOPLIST_FILE = YES;
				IPHONEOS_DEPLOYMENT_TARGET = 16.2;
				MARKETING_VERSION = 1.0;
				PRODUCT_BUNDLE_IDENTIFIER = "com.example.pens-Tests";
				PRODUCT_NAME = "$(TARGET_NAME)";
				SWIFT_EMIT_LOC_STRINGS = NO;
				SWIFT_VERSION = 5.0;
				TARGETED_DEVICE_FAMILY = "1,2";
				TEST_HOST = "$(BUILT_PRODUCTS_DIR)/pens.app/$(BUNDLE_EXECUTABLE_FOLDER_PATH)/pens";
			};
			name = Debug;
		};
		18A92A2F29BF0918009820F6 /* Release */ = {
			isa = XCBuildConfiguration;
			baseConfigurationReference = CFB71F800B4DDB6819B12B1E /* Pods-pensTests.release.xcconfig */;
			buildSettings = {
				ALWAYS_EMBED_SWIFT_STANDARD_LIBRARIES = YES;
				BUNDLE_LOADER = "$(TEST_HOST)";
				CODE_SIGN_STYLE = Automatic;
				CURRENT_PROJECT_VERSION = 1;
				DEVELOPMENT_TEAM = LV8N2952A2;
				GENERATE_INFOPLIST_FILE = YES;
				IPHONEOS_DEPLOYMENT_TARGET = 16.2;
				MARKETING_VERSION = 1.0;
				PRODUCT_BUNDLE_IDENTIFIER = "com.example.pens-Tests";
				PRODUCT_NAME = "$(TARGET_NAME)";
				SWIFT_EMIT_LOC_STRINGS = NO;
				SWIFT_VERSION = 5.0;
				TARGETED_DEVICE_FAMILY = "1,2";
				TEST_HOST = "$(BUILT_PRODUCTS_DIR)/pens.app/$(BUNDLE_EXECUTABLE_FOLDER_PATH)/pens";
			};
			name = Release;
		};
		18A92A3129BF0918009820F6 /* Debug */ = {
			isa = XCBuildConfiguration;
			baseConfigurationReference = 732B9EAF61EE3EB2FE3054C1 /* Pods-pens-pensUITests.debug.xcconfig */;
			buildSettings = {
				ALWAYS_EMBED_SWIFT_STANDARD_LIBRARIES = YES;
				CODE_SIGN_STYLE = Automatic;
				CURRENT_PROJECT_VERSION = 1;
				DEVELOPMENT_TEAM = LV8N2952A2;
				GENERATE_INFOPLIST_FILE = YES;
				MARKETING_VERSION = 1.0;
				PRODUCT_BUNDLE_IDENTIFIER = "com.example.pens-UITests";
				PRODUCT_NAME = "$(TARGET_NAME)";
				SWIFT_EMIT_LOC_STRINGS = NO;
				SWIFT_VERSION = 5.0;
				TARGETED_DEVICE_FAMILY = "1,2";
				TEST_TARGET_NAME = "pens'";
			};
			name = Debug;
		};
		18A92A3229BF0918009820F6 /* Release */ = {
			isa = XCBuildConfiguration;
			baseConfigurationReference = F230669E298EA5F6C1A42224 /* Pods-pens-pensUITests.release.xcconfig */;
			buildSettings = {
				ALWAYS_EMBED_SWIFT_STANDARD_LIBRARIES = YES;
				CODE_SIGN_STYLE = Automatic;
				CURRENT_PROJECT_VERSION = 1;
				DEVELOPMENT_TEAM = LV8N2952A2;
				GENERATE_INFOPLIST_FILE = YES;
				MARKETING_VERSION = 1.0;
				PRODUCT_BUNDLE_IDENTIFIER = "com.example.pens-UITests";
				PRODUCT_NAME = "$(TARGET_NAME)";
				SWIFT_EMIT_LOC_STRINGS = NO;
				SWIFT_VERSION = 5.0;
				TARGETED_DEVICE_FAMILY = "1,2";
				TEST_TARGET_NAME = "pens'";
			};
			name = Release;
		};
/* End XCBuildConfiguration section */

/* Begin XCConfigurationList section */
		18A92A0129BF0917009820F6 /* Build configuration list for PBXProject "pens" */ = {
			isa = XCConfigurationList;
			buildConfigurations = (
				18A92A2829BF0918009820F6 /* Debug */,
				18A92A2929BF0918009820F6 /* Release */,
			);
			defaultConfigurationIsVisible = 0;
			defaultConfigurationName = Release;
		};
		18A92A2A29BF0918009820F6 /* Build configuration list for PBXNativeTarget "pens" */ = {
			isa = XCConfigurationList;
			buildConfigurations = (
				18A92A2B29BF0918009820F6 /* Debug */,
				18A92A2C29BF0918009820F6 /* Release */,
			);
			defaultConfigurationIsVisible = 0;
			defaultConfigurationName = Release;
		};
		18A92A2D29BF0918009820F6 /* Build configuration list for PBXNativeTarget "pensTests" */ = {
			isa = XCConfigurationList;
			buildConfigurations = (
				18A92A2E29BF0918009820F6 /* Debug */,
				18A92A2F29BF0918009820F6 /* Release */,
			);
			defaultConfigurationIsVisible = 0;
			defaultConfigurationName = Release;
		};
		18A92A3029BF0918009820F6 /* Build configuration list for PBXNativeTarget "pensUITests" */ = {
			isa = XCConfigurationList;
			buildConfigurations = (
				18A92A3129BF0918009820F6 /* Debug */,
				18A92A3229BF0918009820F6 /* Release */,
			);
			defaultConfigurationIsVisible = 0;
			defaultConfigurationName = Release;
		};
/* End XCConfigurationList section */
	};
	rootObject = 18A929FE29BF0917009820F6 /* Project object */;
}
